
Microsoft Visual Studio Solution File, Format Version 12.00
# Visual Studio Version 16
VisualStudioVersion = 16.0.30907.101
MinimumVisualStudioVersion = 10.0.40219.1
Project("{FAE04EC0-301F-11D3-BF4B-00C04F79EFBC}") = "Odev2Soru2", "Odev2Soru2.csproj", "{A9BC2E21-AC4B-4725-BAD3-E97F9195A186}"
EndProject
Global
	GlobalSection(SolutionConfigurationPlatforms) = preSolution
		Debug|Any CPU = Debug|Any CPU
		Release|Any CPU = Release|Any CPU
	EndGlobalSection
	GlobalSection(ProjectConfigurationPlatforms) = postSolution
		{A9BC2E21-AC4B-4725-BAD3-E97F9195A186}.Debug|Any CPU.ActiveCfg = Debug|Any CPU
		{A9BC2E21-AC4B-4725-BAD3-E97F9195A186}.Debug|Any CPU.Build.0 = Debug|Any CPU
		{A9BC2E21-AC4B-4725-BAD3-E97F9195A186}.Release|Any CPU.ActiveCfg = Release|Any CPU
		{A9BC2E21-AC4B-4725-BAD3-E97F9195A186}.Release|Any CPU.Build.0 = Release|Any CPU
	EndGlobalSection
	GlobalSection(SolutionProperties) = preSolution
		HideSolutionNode = FALSE
	EndGlobalSection
	GlobalSection(ExtensibilityGlobals) = postSolution
		SolutionGuid = {C925B0B7-43E4-4827-AA1A-B634EC18A0CD}
	EndGlobalSection
EndGlobal
